
Microsoft Visual Studio Solution File, Format Version 12.00
# Visual Studio Version 16
VisualStudioVersion = 16.0.30320.27
MinimumVisualStudioVersion = 10.0.40219.1
Project("{FAE04EC0-301F-11D3-BF4B-00C04F79EFBC}") = "CS_Italy_Observer", "CS_Italy_Observer\CS_Italy_Observer.csproj", "{C974E522-69DC-416E-B90B-2C34045228A1}"
EndProject
Global
	GlobalSection(SolutionConfigurationPlatforms) = preSolution
		Debug|Any CPU = Debug|Any CPU
		Release|Any CPU = Release|Any CPU
	EndGlobalSection
	GlobalSection(ProjectConfigurationPlatforms) = postSolution
		{C974E522-69DC-416E-B90B-2C34045228A1}.Debug|Any CPU.ActiveCfg = Debug|Any CPU
		{C974E522-69DC-416E-B90B-2C34045228A1}.Debug|Any CPU.Build.0 = Debug|Any CPU
		{C974E522-69DC-416E-B90B-2C34045228A1}.Release|Any CPU.ActiveCfg = Release|Any CPU
		{C974E522-69DC-416E-B90B-2C34045228A1}.Release|Any CPU.Build.0 = Release|Any CPU
	EndGlobalSection
	GlobalSection(SolutionProperties) = preSolution
		HideSolutionNode = FALSE
	EndGlobalSection
	GlobalSection(ExtensibilityGlobals) = postSolution
		SolutionGuid = {C6CBD8B9-F604-4FEF-80F7-554EDF5176F2}
	EndGlobalSection
EndGlobal
